
Microsoft Visual Studio Solution File, Format Version 12.00
# Visual Studio 15
Project("{FAE04EC0-301F-11D3-BF4B-00C04F79EFBC}") = "Assembly-CSharp", "Assembly-CSharp.csproj", "{73F24E48-7064-79DE-49A2-5883178FCA1C}"
EndProject
Project("{FAE04EC0-301F-11D3-BF4B-00C04F79EFBC}") = "Assembly-CSharp-Editor", "Assembly-CSharp-Editor.csproj", "{D0466E22-5511-767F-FBE5-2A45B1753A3A}"
EndProject
Global
	GlobalSection(SolutionConfigurationPlatforms) = preSolution
		Debug|Any CPU = Debug|Any CPU
		Release|Any CPU = Release|Any CPU
	EndGlobalSection
	GlobalSection(ProjectConfigurationPlatforms) = postSolution
		{73F24E48-7064-79DE-49A2-5883178FCA1C}.Debug|Any CPU.ActiveCfg = Debug|Any CPU
		{73F24E48-7064-79DE-49A2-5883178FCA1C}.Debug|Any CPU.Build.0 = Debug|Any CPU
		{73F24E48-7064-79DE-49A2-5883178FCA1C}.Release|Any CPU.ActiveCfg = Release|Any CPU
		{73F24E48-7064-79DE-49A2-5883178FCA1C}.Release|Any CPU.Build.0 = Release|Any CPU
		{D0466E22-5511-767F-FBE5-2A45B1753A3A}.Debug|Any CPU.ActiveCfg = Debug|Any CPU
		{D0466E22-5511-767F-FBE5-2A45B1753A3A}.Debug|Any CPU.Build.0 = Debug|Any CPU
		{D0466E22-5511-767F-FBE5-2A45B1753A3A}.Release|Any CPU.ActiveCfg = Release|Any CPU
		{D0466E22-5511-767F-FBE5-2A45B1753A3A}.Release|Any CPU.Build.0 = Release|Any CPU
	EndGlobalSection
	GlobalSection(SolutionProperties) = preSolution
		HideSolutionNode = FALSE
	EndGlobalSection
EndGlobal
